<?xml version="1.0" encoding="utf-8"?>
<Project ToolsVersion="4.0" xmlns="http://schemas.microsoft.com/developer/msbuild/2003">
  <ItemGroup>
    <Filter Include="소스 파일">
      <UniqueIdentifier>{4FC737F1-C7A5-4376-A066-2A32D752A2FF}</UniqueIdentifier>
      <Extensions>cpp;c;cc;cxx;c++;cppm;ixx;def;odl;idl;hpj;bat;asm;asmx</Extensions>
    </Filter>
    <Filter Include="헤더 파일">
      <UniqueIdentifier>{93995380-89BD-4b04-88EB-625FBE52EBFB}</UniqueIdentifier>
      <Extensions>h;hh;hpp;hxx;h++;hm;inl;inc;ipp;xsd</Extensions>
    </Filter>
    <Filter Include="리소스 파일">
      <UniqueIdentifier>{67DA6AB6-F800-4c08-8B7A-83BB121AAD01}</UniqueIdentifier>
      <Extensions>rc;ico;cur;bmp;dlg;rc2;rct;bin;rgs;gif;jpg;jpeg;jpe;resx;tiff;tif;png;wav;mfcribbon-ms</Extensions>
    </Filter>
  </ItemGroup>
  <ItemGroup>
    <ClInclude Include="inc\rengine\core\object\object.h">
      <Filter>헤더 파일</Filter>
    </ClInclude>
    <ClInclude Include="inc\REngine\Application\application.h">
      <Filter>소스 파일</Filter>
    </ClInclude>
    <ClInclude Include="inc\rengine_api.h">
      <Filter>헤더 파일</Filter>
    </ClInclude>
    <ClInclude Include="inc\rengine\rengine_dllexport.h">
      <Filter>헤더 파일</Filter>
    </ClInclude>
    <ClInclude Include="inc\rengine\System\GraphicsSystem.h">
      <Filter>헤더 파일</Filter>
    </ClInclude>
    <ClInclude Include="inc\rengine\System\EditorSystem.h">
      <Filter>헤더 파일</Filter>
    </ClInclude>
    <ClInclude Include="inc\rengine\core\component\Component.h">
      <Filter>헤더 파일</Filter>
    </ClInclude>
    <ClInclude Include="inc\rengine\core\object\GameObject.h">
      <Filter>헤더 파일</Filter>
    </ClInclude>
    <ClInclude Include="inc\rengine\core\scene\scene.h">
      <Filter>헤더 파일</Filter>
    </ClInclude>
    <ClInclude Include="inc\rengine\core\component\Transform.h">
      <Filter>헤더 파일</Filter>
    </ClInclude>
    <ClInclude Include="inc\rengine\core\resource\resource.h">
      <Filter>헤더 파일</Filter>
    </ClInclude>
    <ClInclude Include="inc\rengine\core\resource\mesh.h">
      <Filter>헤더 파일</Filter>
    </ClInclude>
    <ClInclude Include="inc\rengine\core\resource\texture.h">
      <Filter>헤더 파일</Filter>
    </ClInclude>
    <ClInclude Include="inc\rengine\core\resource\material.h">
      <Filter>헤더 파일</Filter>
    </ClInclude>
    <ClInclude Include="inc\rengine\core\component\Camera.h">
      <Filter>헤더 파일</Filter>
    </ClInclude>
    <ClInclude Include="inc\rengine\core\component\MeshFilter.h">
      <Filter>헤더 파일</Filter>
    </ClInclude>
    <ClInclude Include="inc\rengine\core\component\MeshRenderer.h">
      <Filter>헤더 파일</Filter>
    </ClInclude>
    <ClInclude Include="inc\rengine\core\component\Renderer.h">
      <Filter>헤더 파일</Filter>
    </ClInclude>
    <ClInclude Include="inc\rengine\core\object\MetaInfo.h">
      <Filter>헤더 파일</Filter>
    </ClInclude>
    <ClInclude Include="inc\rengine\core\sceneManager.h">
      <Filter>헤더 파일</Filter>
    </ClInclude>
    <ClInclude Include="inc\rengine\core\resourcesManager.h">
      <Filter>헤더 파일</Filter>
    </ClInclude>
    <ClInclude Include="inc\rengine\core\object\object_impl.h">
      <Filter>헤더 파일</Filter>
    </ClInclude>
    <ClInclude Include="inc\rengine\rengine.h">
      <Filter>헤더 파일</Filter>
    </ClInclude>
  </ItemGroup>
  <ItemGroup>
    <ClCompile Include="src\rengine\core\object\object.cpp">
      <Filter>소스 파일</Filter>
    </ClCompile>
    <ClCompile Include="src\rengine\application\application.cpp">
      <Filter>소스 파일</Filter>
    </ClCompile>
    <ClCompile Include="src\rengine_api.cpp">
      <Filter>소스 파일</Filter>
    </ClCompile>
    <ClCompile Include="src\rengine\System\GraphicsSystem.cpp">
      <Filter>소스 파일</Filter>
    </ClCompile>
    <ClCompile Include="src\rengine\System\EditorSystem.cpp">
      <Filter>소스 파일</Filter>
    </ClCompile>
    <ClCompile Include="src\rengine\core\object\GameObject.cpp">
      <Filter>소스 파일</Filter>
    </ClCompile>
    <ClCompile Include="src\rengine\core\component\Component.cpp">
      <Filter>소스 파일</Filter>
    </ClCompile>
    <ClCompile Include="src\rengine\core\component\Transform.cpp">
      <Filter>소스 파일</Filter>
    </ClCompile>
    <ClCompile Include="src\rengine\core\scene\scene.cpp">
      <Filter>소스 파일</Filter>
    </ClCompile>
    <ClCompile Include="src\rengine\core\SceneManager.cpp">
      <Filter>소스 파일</Filter>
    </ClCompile>
    <ClCompile Include="src\rengine\core\component\Camera.cpp">
      <Filter>소스 파일</Filter>
    </ClCompile>
    <ClCompile Include="inc\rengine\System\ObjectFactory.h">
      <Filter>소스 파일</Filter>
    </ClCompile>
    <ClCompile Include="src\rengine\System\ObjectFactory.cpp">
      <Filter>소스 파일</Filter>
    </ClCompile>
    <ClCompile Include="src\rengine\rengine.cpp">
      <Filter>소스 파일</Filter>
    </ClCompile>
  </ItemGroup>
  <ItemGroup>
    <None Include="inc\rengine\core\object\GameObject.inl">
      <Filter>헤더 파일</Filter>
    </None>
    <None Include="cpp.hint" />
  </ItemGroup>
</Project>