<?xml version="1.0" encoding="utf-8"?>
<Project ToolsVersion="4.0" xmlns="http://schemas.microsoft.com/developer/msbuild/2003">
  <ItemGroup>
    <Filter Include="소스 파일">
      <UniqueIdentifier>{4FC737F1-C7A5-4376-A066-2A32D752A2FF}</UniqueIdentifier>
      <Extensions>cpp;c;cc;cxx;c++;cppm;ixx;def;odl;idl;hpj;bat;asm;asmx</Extensions>
    </Filter>
    <Filter Include="헤더 파일">
      <UniqueIdentifier>{93995380-89BD-4b04-88EB-625FBE52EBFB}</UniqueIdentifier>
      <Extensions>h;hh;hpp;hxx;h++;hm;inl;inc;ipp;xsd</Extensions>
    </Filter>
    <Filter Include="리소스 파일">
      <UniqueIdentifier>{67DA6AB6-F800-4c08-8B7A-83BB121AAD01}</UniqueIdentifier>
      <Extensions>rc;ico;cur;bmp;dlg;rc2;rct;bin;rgs;gif;jpg;jpeg;jpe;resx;tiff;tif;png;wav;mfcribbon-ms</Extensions>
    </Filter>
  </ItemGroup>
  <ItemGroup>
    <ClInclude Include="inc\graphics_module\Buffer.h">
      <Filter>헤더 파일</Filter>
    </ClInclude>
    <ClInclude Include="inc\graphics_module\BufferFlags.h">
      <Filter>헤더 파일</Filter>
    </ClInclude>
    <ClInclude Include="inc\graphics_module\BufferUtils.h">
      <Filter>헤더 파일</Filter>
    </ClInclude>
    <ClInclude Include="inc\graphics_module\CommandBuffer.h">
      <Filter>헤더 파일</Filter>
    </ClInclude>
    <ClInclude Include="inc\graphics_module\CommandBufferFlags.h">
      <Filter>헤더 파일</Filter>
    </ClInclude>
    <ClInclude Include="inc\graphics_module\Format.h">
      <Filter>헤더 파일</Filter>
    </ClInclude>
    <ClInclude Include="inc\graphics_module\ImageFlags.h">
      <Filter>헤더 파일</Filter>
    </ClInclude>
    <ClInclude Include="inc\graphics_module\PipelineLayout.h">
      <Filter>헤더 파일</Filter>
    </ClInclude>
    <ClInclude Include="inc\graphics_module\PipelineLayoutFlags.h">
      <Filter>헤더 파일</Filter>
    </ClInclude>
    <ClInclude Include="inc\graphics_module\PipelineState.h">
      <Filter>헤더 파일</Filter>
    </ClInclude>
    <ClInclude Include="inc\graphics_module\PipelineStateFlags.h">
      <Filter>헤더 파일</Filter>
    </ClInclude>
    <ClInclude Include="inc\graphics_module\RenderPass.h">
      <Filter>헤더 파일</Filter>
    </ClInclude>
    <ClInclude Include="inc\graphics_module\RenderPassFlags.h">
      <Filter>헤더 파일</Filter>
    </ClInclude>
    <ClInclude Include="inc\graphics_module\RenderSystem.h">
      <Filter>헤더 파일</Filter>
    </ClInclude>
    <ClInclude Include="inc\graphics_module\RenderSystemFlags.h">
      <Filter>헤더 파일</Filter>
    </ClInclude>
    <ClInclude Include="inc\graphics_module\RenderSystemObject.h">
      <Filter>헤더 파일</Filter>
    </ClInclude>
    <ClInclude Include="inc\graphics_module\RenderTarget.h">
      <Filter>헤더 파일</Filter>
    </ClInclude>
    <ClInclude Include="inc\graphics_module\RenderTargetFlags.h">
      <Filter>헤더 파일</Filter>
    </ClInclude>
    <ClInclude Include="inc\graphics_module\Resource.h">
      <Filter>헤더 파일</Filter>
    </ClInclude>
    <ClInclude Include="inc\graphics_module\ResourceFlags.h">
      <Filter>헤더 파일</Filter>
    </ClInclude>
    <ClInclude Include="inc\graphics_module\ResourceView.h">
      <Filter>헤더 파일</Filter>
    </ClInclude>
    <ClInclude Include="inc\graphics_module\ResourceVIewFlags.h">
      <Filter>헤더 파일</Filter>
    </ClInclude>
    <ClInclude Include="inc\graphics_module\Sampler.h">
      <Filter>헤더 파일</Filter>
    </ClInclude>
    <ClInclude Include="inc\graphics_module\SamplerFlags.h">
      <Filter>헤더 파일</Filter>
    </ClInclude>
    <ClInclude Include="inc\graphics_module\Shader.h">
      <Filter>헤더 파일</Filter>
    </ClInclude>
    <ClInclude Include="inc\graphics_module\ShaderFlags.h">
      <Filter>헤더 파일</Filter>
    </ClInclude>
    <ClInclude Include="inc\graphics_module\StateManager.h">
      <Filter>헤더 파일</Filter>
    </ClInclude>
    <ClInclude Include="inc\graphics_module\SwapChain.h">
      <Filter>헤더 파일</Filter>
    </ClInclude>
    <ClInclude Include="inc\graphics_module\SwapChainFlags.h">
      <Filter>헤더 파일</Filter>
    </ClInclude>
    <ClInclude Include="inc\graphics_module\Texture.h">
      <Filter>헤더 파일</Filter>
    </ClInclude>
    <ClInclude Include="inc\graphics_module\TextureFlags.h">
      <Filter>헤더 파일</Filter>
    </ClInclude>
    <ClInclude Include="inc\graphics_module\Type.h">
      <Filter>헤더 파일</Filter>
    </ClInclude>
    <ClInclude Include="inc\graphics_module\VideoAdapter.h">
      <Filter>헤더 파일</Filter>
    </ClInclude>
    <ClInclude Include="inc\graphics_module\common\ComPtr.h">
      <Filter>헤더 파일</Filter>
    </ClInclude>
    <ClInclude Include="inc\graphics_module\common\DXHelper.h">
      <Filter>헤더 파일</Filter>
    </ClInclude>
    <ClInclude Include="inc\graphics_module\DirectXTex\DirectXTex.h">
      <Filter>헤더 파일</Filter>
    </ClInclude>
    <ClInclude Include="inc\graphics_module\graphics_module_dllexport.h">
      <Filter>헤더 파일</Filter>
    </ClInclude>
    <ClInclude Include="src\graphics_module_pch.h">
      <Filter>헤더 파일</Filter>
    </ClInclude>
    <ClInclude Include="inc\graphics_module\Helper.h">
      <Filter>헤더 파일</Filter>
    </ClInclude>
    <ClInclude Include="inc\graphics_module\Window.h">
      <Filter>헤더 파일</Filter>
    </ClInclude>
    <ClInclude Include="inc\graphics_module\Module.h">
      <Filter>헤더 파일</Filter>
    </ClInclude>
    <ClInclude Include="inc\graphics_module\PipelineStateUtilis.h">
      <Filter>헤더 파일</Filter>
    </ClInclude>
  </ItemGroup>
  <ItemGroup>
    <None Include="inc\graphics_module\DirectXTex\DirectXTex.inl">
      <Filter>헤더 파일</Filter>
    </None>
  </ItemGroup>
  <ItemGroup>
    <ClCompile Include="src\graphics_module_pch.cpp">
      <Filter>소스 파일</Filter>
    </ClCompile>
    <ClCompile Include="src\graphics_module\Helper.cpp">
      <Filter>소스 파일</Filter>
    </ClCompile>
    <ClCompile Include="src\graphics_module\Buffer.cpp">
      <Filter>소스 파일</Filter>
    </ClCompile>
    <ClCompile Include="src\graphics_module\BufferFlags.cpp">
      <Filter>소스 파일</Filter>
    </ClCompile>
    <ClCompile Include="src\graphics_module\BufferUtils.cpp">
      <Filter>소스 파일</Filter>
    </ClCompile>
    <ClCompile Include="src\graphics_module\RenderSystem.cpp">
      <Filter>소스 파일</Filter>
    </ClCompile>
    <ClCompile Include="src\graphics_module\RenderTarget.cpp">
      <Filter>소스 파일</Filter>
    </ClCompile>
    <ClCompile Include="src\graphics_module\ResourceView.cpp">
      <Filter>소스 파일</Filter>
    </ClCompile>
    <ClCompile Include="src\graphics_module\Sampler.cpp">
      <Filter>소스 파일</Filter>
    </ClCompile>
    <ClCompile Include="src\graphics_module\Shader.cpp">
      <Filter>소스 파일</Filter>
    </ClCompile>
    <ClCompile Include="src\graphics_module\SwapChain.cpp">
      <Filter>소스 파일</Filter>
    </ClCompile>
    <ClCompile Include="src\graphics_module\Texture.cpp">
      <Filter>소스 파일</Filter>
    </ClCompile>
    <ClCompile Include="src\graphics_module\TextureFlags.cpp">
      <Filter>소스 파일</Filter>
    </ClCompile>
    <ClCompile Include="src\graphics_module\Window.cpp">
      <Filter>소스 파일</Filter>
    </ClCompile>
    <ClCompile Include="src\graphics_module\Common\DXHelper.cpp">
      <Filter>소스 파일</Filter>
    </ClCompile>
    <ClCompile Include="src\graphics_module\PipelineStateUtilis.cpp">
      <Filter>소스 파일</Filter>
    </ClCompile>
    <ClCompile Include="src\graphics_module\ShaderFlags.cpp">
      <Filter>소스 파일</Filter>
    </ClCompile>
  </ItemGroup>
</Project>