<?xml version="1.0" encoding="utf-8"?>
<Project ToolsVersion="4.0" xmlns="http://schemas.microsoft.com/developer/msbuild/2003">
  <ItemGroup>
    <Filter Include="소스 파일">
      <UniqueIdentifier>{4FC737F1-C7A5-4376-A066-2A32D752A2FF}</UniqueIdentifier>
      <Extensions>cpp;c;cc;cxx;c++;cppm;ixx;def;odl;idl;hpj;bat;asm;asmx</Extensions>
    </Filter>
    <Filter Include="헤더 파일">
      <UniqueIdentifier>{93995380-89BD-4b04-88EB-625FBE52EBFB}</UniqueIdentifier>
      <Extensions>h;hh;hpp;hxx;h++;hm;inl;inc;ipp;xsd</Extensions>
    </Filter>
    <Filter Include="리소스 파일">
      <UniqueIdentifier>{67DA6AB6-F800-4c08-8B7A-83BB121AAD01}</UniqueIdentifier>
      <Extensions>rc;ico;cur;bmp;dlg;rc2;rct;bin;rgs;gif;jpg;jpeg;jpe;resx;tiff;tif;png;wav;mfcribbon-ms</Extensions>
    </Filter>
  </ItemGroup>
  <ItemGroup>
    <ClInclude Include="inc\editor\Editor.h">
      <Filter>헤더 파일</Filter>
    </ClInclude>
    <ClInclude Include="inc\editor\Editor_dllexport.h">
      <Filter>헤더 파일</Filter>
    </ClInclude>
    <ClInclude Include="src\Editor_pch.h">
      <Filter>헤더 파일</Filter>
    </ClInclude>
    <ClInclude Include="inc\editor\EditorFlags.h">
      <Filter>헤더 파일</Filter>
    </ClInclude>
    <ClInclude Include="inc\ImGui\imconfig.h">
      <Filter>헤더 파일</Filter>
    </ClInclude>
    <ClInclude Include="inc\ImGui\imgui.h">
      <Filter>헤더 파일</Filter>
    </ClInclude>
    <ClInclude Include="inc\ImGui\imgui_impl_dx11.h">
      <Filter>헤더 파일</Filter>
    </ClInclude>
    <ClInclude Include="inc\ImGui\imgui_impl_dx12.h">
      <Filter>헤더 파일</Filter>
    </ClInclude>
    <ClInclude Include="inc\ImGui\imgui_impl_win32.h">
      <Filter>헤더 파일</Filter>
    </ClInclude>
    <ClInclude Include="inc\ImGui\imgui_internal.h">
      <Filter>헤더 파일</Filter>
    </ClInclude>
    <ClInclude Include="inc\ImGui\imstb_rectpack.h">
      <Filter>헤더 파일</Filter>
    </ClInclude>
    <ClInclude Include="inc\ImGui\imstb_textedit.h">
      <Filter>헤더 파일</Filter>
    </ClInclude>
    <ClInclude Include="inc\ImGui\imstb_truetype.h">
      <Filter>헤더 파일</Filter>
    </ClInclude>
    <ClInclude Include="inc\editor\GUI\Frame.h">
      <Filter>헤더 파일</Filter>
    </ClInclude>
    <ClInclude Include="inc\editor\GUI\Document.h">
      <Filter>헤더 파일</Filter>
    </ClInclude>
    <ClInclude Include="inc\editor\GUI\View.h">
      <Filter>헤더 파일</Filter>
    </ClInclude>
    <ClInclude Include="inc\editor\EditorAPI.h">
      <Filter>헤더 파일</Filter>
    </ClInclude>
    <ClInclude Include="inc\editor\GUI\InspectorView.h">
      <Filter>헤더 파일</Filter>
    </ClInclude>
    <ClInclude Include="inc\editor\GUI\HierarchyView.h">
      <Filter>헤더 파일</Filter>
    </ClInclude>
    <ClInclude Include="inc\editor\Core\EnginePlugin.h">
      <Filter>헤더 파일</Filter>
    </ClInclude>
    <ClInclude Include="inc\editor\GUI\GameView.h">
      <Filter>헤더 파일</Filter>
    </ClInclude>
    <ClInclude Include="inc\editor\GUI\ProjectView.h">
      <Filter>헤더 파일</Filter>
    </ClInclude>
    <ClInclude Include="inc\editor\GUI\EditorView.h">
      <Filter>헤더 파일</Filter>
    </ClInclude>
    <ClInclude Include="inc\editor\Widget\Widget.h">
      <Filter>헤더 파일</Filter>
    </ClInclude>
    <ClInclude Include="inc\editor\Widget\TreeNode.h">
      <Filter>헤더 파일</Filter>
    </ClInclude>
    <ClInclude Include="inc\editor\Widget\WidgetManager.h">
      <Filter>헤더 파일</Filter>
    </ClInclude>
    <ClInclude Include="inc\editor\GUI\EditorStyle.h">
      <Filter>헤더 파일</Filter>
    </ClInclude>
    <ClInclude Include="inc\editor\Widget\InputText.h">
      <Filter>헤더 파일</Filter>
    </ClInclude>
    <ClInclude Include="inc\editor\Widget\Button.h">
      <Filter>헤더 파일</Filter>
    </ClInclude>
    <ClInclude Include="inc\editor\Core\EventManager.h">
      <Filter>헤더 파일</Filter>
    </ClInclude>
    <ClInclude Include="inc\editor\Widget\TextBox.h">
      <Filter>헤더 파일</Filter>
    </ClInclude>
    <ClInclude Include="inc\editor\Core\Event.h">
      <Filter>헤더 파일</Filter>
    </ClInclude>
    <ClInclude Include="inc\editor\Widget\InputFloat.h">
      <Filter>헤더 파일</Filter>
    </ClInclude>
    <ClInclude Include="inc\editor\Widget\InputFloat2.h">
      <Filter>헤더 파일</Filter>
    </ClInclude>
    <ClInclude Include="inc\editor\Widget\InputFloat3.h">
      <Filter>헤더 파일</Filter>
    </ClInclude>
    <ClInclude Include="inc\editor\Widget\InputFloat4.h">
      <Filter>헤더 파일</Filter>
    </ClInclude>
    <ClInclude Include="inc\editor\Widget\CollapsingHeader.h">
      <Filter>헤더 파일</Filter>
    </ClInclude>
    <ClInclude Include="inc\editor\Widget\WidgetContainer.h">
      <Filter>헤더 파일</Filter>
    </ClInclude>
  </ItemGroup>
  <ItemGroup>
    <ClCompile Include="src\editor\Editor.cpp">
      <Filter>소스 파일</Filter>
    </ClCompile>
    <ClCompile Include="src\Editor_pch.cpp">
      <Filter>소스 파일</Filter>
    </ClCompile>
    <ClCompile Include="inc\ImGui\imgui.cpp">
      <Filter>소스 파일</Filter>
    </ClCompile>
    <ClCompile Include="inc\ImGui\imgui_demo.cpp">
      <Filter>소스 파일</Filter>
    </ClCompile>
    <ClCompile Include="inc\ImGui\imgui_draw.cpp">
      <Filter>소스 파일</Filter>
    </ClCompile>
    <ClCompile Include="inc\ImGui\imgui_impl_dx11.cpp">
      <Filter>소스 파일</Filter>
    </ClCompile>
    <ClCompile Include="inc\ImGui\imgui_impl_dx12.cpp">
      <Filter>소스 파일</Filter>
    </ClCompile>
    <ClCompile Include="inc\ImGui\imgui_impl_win32.cpp">
      <Filter>소스 파일</Filter>
    </ClCompile>
    <ClCompile Include="inc\ImGui\imgui_tables.cpp">
      <Filter>소스 파일</Filter>
    </ClCompile>
    <ClCompile Include="inc\ImGui\imgui_widgets.cpp">
      <Filter>소스 파일</Filter>
    </ClCompile>
    <ClCompile Include="src\editor\EditorAPI.cpp">
      <Filter>소스 파일</Filter>
    </ClCompile>
    <ClCompile Include="src\editor\GUI\View.cpp">
      <Filter>소스 파일</Filter>
    </ClCompile>
    <ClCompile Include="src\editor\GUI\InspectorView.cpp">
      <Filter>소스 파일</Filter>
    </ClCompile>
    <ClCompile Include="src\editor\GUI\HierarchyView.cpp">
      <Filter>소스 파일</Filter>
    </ClCompile>
    <ClCompile Include="src\editor\Core\EnginePlugin.cpp">
      <Filter>소스 파일</Filter>
    </ClCompile>
    <ClCompile Include="src\editor\GUI\ProjectView.cpp">
      <Filter>소스 파일</Filter>
    </ClCompile>
    <ClCompile Include="src\editor\GUI\GameView.cpp">
      <Filter>소스 파일</Filter>
    </ClCompile>
    <ClCompile Include="src\editor\GUI\EditorView.cpp">
      <Filter>소스 파일</Filter>
    </ClCompile>
    <ClCompile Include="src\editor\Widget\Widget.cpp">
      <Filter>소스 파일</Filter>
    </ClCompile>
    <ClCompile Include="src\editor\Widget\TreeNode.cpp">
      <Filter>소스 파일</Filter>
    </ClCompile>
    <ClCompile Include="src\editor\Widget\WidgetManager.cpp">
      <Filter>소스 파일</Filter>
    </ClCompile>
    <ClCompile Include="src\editor\GUI\EditorStyle.cpp">
      <Filter>소스 파일</Filter>
    </ClCompile>
    <ClCompile Include="src\editor\Widget\Button.cpp">
      <Filter>소스 파일</Filter>
    </ClCompile>
    <ClCompile Include="src\editor\Core\EventManager.cpp">
      <Filter>소스 파일</Filter>
    </ClCompile>
    <ClCompile Include="src\editor\Widget\InputText.cpp">
      <Filter>소스 파일</Filter>
    </ClCompile>
    <ClCompile Include="src\editor\Core\Event.cpp">
      <Filter>소스 파일</Filter>
    </ClCompile>
    <ClCompile Include="src\editor\Widget\InputFloat.cpp">
      <Filter>소스 파일</Filter>
    </ClCompile>
    <ClCompile Include="src\editor\Widget\InputFloat2.cpp">
      <Filter>소스 파일</Filter>
    </ClCompile>
    <ClCompile Include="src\editor\Widget\InputFloat3.cpp">
      <Filter>소스 파일</Filter>
    </ClCompile>
    <ClCompile Include="src\editor\Widget\InputFloat4.cpp">
      <Filter>소스 파일</Filter>
    </ClCompile>
    <ClCompile Include="src\editor\Widget\CollapsingHeader.cpp">
      <Filter>소스 파일</Filter>
    </ClCompile>
    <ClCompile Include="src\editor\Widget\WidgetContainer.cpp">
      <Filter>소스 파일</Filter>
    </ClCompile>
  </ItemGroup>
  <ItemGroup>
    <None Include="cpp.hint" />
  </ItemGroup>
</Project>