<?xml version="1.0" encoding="utf-8"?>
<Project ToolsVersion="4.0" xmlns="http://schemas.microsoft.com/developer/msbuild/2003">
  <ItemGroup>
    <Filter Include="소스 파일">
      <UniqueIdentifier>{4FC737F1-C7A5-4376-A066-2A32D752A2FF}</UniqueIdentifier>
      <Extensions>cpp;c;cc;cxx;c++;cppm;ixx;def;odl;idl;hpj;bat;asm;asmx</Extensions>
    </Filter>
    <Filter Include="헤더 파일">
      <UniqueIdentifier>{93995380-89BD-4b04-88EB-625FBE52EBFB}</UniqueIdentifier>
      <Extensions>h;hh;hpp;hxx;h++;hm;inl;inc;ipp;xsd</Extensions>
    </Filter>
    <Filter Include="리소스 파일">
      <UniqueIdentifier>{67DA6AB6-F800-4c08-8B7A-83BB121AAD01}</UniqueIdentifier>
      <Extensions>rc;ico;cur;bmp;dlg;rc2;rct;bin;rgs;gif;jpg;jpeg;jpe;resx;tiff;tif;png;wav;mfcribbon-ms</Extensions>
    </Filter>
  </ItemGroup>
  <ItemGroup>
    <ClInclude Include="inc\graphics_core\GraphicsEngine.h">
      <Filter>헤더 파일</Filter>
    </ClInclude>
    <ClInclude Include="inc\graphics_core\GraphicsEngine_api.h">
      <Filter>헤더 파일</Filter>
    </ClInclude>
    <ClInclude Include="inc\graphics_core\Graphics_core_dllexport.h">
      <Filter>헤더 파일</Filter>
    </ClInclude>
    <ClInclude Include="inc\graphics_core\GraphicsEngineFlags.h">
      <Filter>헤더 파일</Filter>
    </ClInclude>
    <ClInclude Include="inc\graphics_core\object\RenderObject.h">
      <Filter>헤더 파일</Filter>
    </ClInclude>
    <ClInclude Include="inc\graphics_core\resource\ResourceBuffer.h">
      <Filter>헤더 파일</Filter>
    </ClInclude>
    <ClInclude Include="inc\graphics_core\resource\TextureBuffer.h">
      <Filter>헤더 파일</Filter>
    </ClInclude>
    <ClInclude Include="inc\graphics_core\resource\MeshBuffer.h">
      <Filter>헤더 파일</Filter>
    </ClInclude>
    <ClInclude Include="inc\graphics_core\resource\CameraBuffer.h">
      <Filter>헤더 파일</Filter>
    </ClInclude>
    <ClInclude Include="inc\graphics_core\ResourceManager.h">
      <Filter>헤더 파일</Filter>
    </ClInclude>
    <ClInclude Include="inc\graphics_core\resource\LightBuffer.h">
      <Filter>헤더 파일</Filter>
    </ClInclude>
    <ClInclude Include="inc\graphics_core\resource\MaterialBuffer.h">
      <Filter>헤더 파일</Filter>
    </ClInclude>
    <ClInclude Include="inc\graphics_core\object\MeshObject.h">
      <Filter>헤더 파일</Filter>
    </ClInclude>
    <ClInclude Include="inc\graphics_core\renderer\Renderer.h">
      <Filter>헤더 파일</Filter>
    </ClInclude>
    <ClInclude Include="inc\graphics_core\RenderPass.h">
      <Filter>헤더 파일</Filter>
    </ClInclude>
    <ClInclude Include="inc\graphics_core\table\JsonTable.h">
      <Filter>헤더 파일</Filter>
    </ClInclude>
    <ClInclude Include="inc\graphics_core\table\JsonMacro.h">
      <Filter>헤더 파일</Filter>
    </ClInclude>
    <ClInclude Include="inc\graphics_core\RenderPassFlags.h">
      <Filter>헤더 파일</Filter>
    </ClInclude>
    <ClInclude Include="inc\graphics_core\object\ParticleObject.h">
      <Filter>헤더 파일</Filter>
    </ClInclude>
    <ClInclude Include="inc\graphics_core\object\UpdateResourceData.h">
      <Filter>헤더 파일</Filter>
    </ClInclude>
    <ClInclude Include="inc\graphics_core\renderpass\SkyBoxRenderPass.h">
      <Filter>헤더 파일</Filter>
    </ClInclude>
    <ClInclude Include="inc\graphics_core\renderpass\DeferredRenderPass.h">
      <Filter>헤더 파일</Filter>
    </ClInclude>
    <ClInclude Include="inc\graphics_core\renderpass\GridRenderPass.h">
      <Filter>헤더 파일</Filter>
    </ClInclude>
    <ClInclude Include="inc\graphics_core\RenderQueue.h">
      <Filter>헤더 파일</Filter>
    </ClInclude>
    <ClInclude Include="inc\graphics_core\resource\ByteBuffer.h">
      <Filter>헤더 파일</Filter>
    </ClInclude>
    <ClInclude Include="inc\graphics_core\resource\MaterialPropertyBlock.h">
      <Filter>헤더 파일</Filter>
    </ClInclude>
    <ClInclude Include="inc\graphics_core\renderpass\DeferredLightPass.h">
      <Filter>헤더 파일</Filter>
    </ClInclude>
  </ItemGroup>
  <ItemGroup>
    <ClCompile Include="src\graphics_core\GraphicsEngine.cpp">
      <Filter>소스 파일</Filter>
    </ClCompile>
    <ClCompile Include="src\graphics_core\GraphicsEngine_api.cpp">
      <Filter>소스 파일</Filter>
    </ClCompile>
    <ClCompile Include="src\graphics_core\resource\TextureBuffer.cpp">
      <Filter>소스 파일</Filter>
    </ClCompile>
    <ClCompile Include="src\graphics_core\resource\ResourceBuffer.cpp">
      <Filter>소스 파일</Filter>
    </ClCompile>
    <ClCompile Include="src\graphics_core\resource\MeshBuffer.cpp">
      <Filter>소스 파일</Filter>
    </ClCompile>
    <ClCompile Include="src\graphics_core\resource\CameraBuffer.cpp">
      <Filter>소스 파일</Filter>
    </ClCompile>
    <ClCompile Include="src\graphics_core\ResourceManager.cpp">
      <Filter>소스 파일</Filter>
    </ClCompile>
    <ClCompile Include="src\graphics_core\resource\LightBuffer.cpp">
      <Filter>소스 파일</Filter>
    </ClCompile>
    <ClCompile Include="src\graphics_core\resource\MaterialBuffer.cpp">
      <Filter>소스 파일</Filter>
    </ClCompile>
    <ClCompile Include="src\graphics_core\renderer\renderer.cpp">
      <Filter>소스 파일</Filter>
    </ClCompile>
    <ClCompile Include="src\graphics_core\RenderPass.cpp">
      <Filter>소스 파일</Filter>
    </ClCompile>
    <ClCompile Include="src\graphics_core\table\JsonTable.cpp">
      <Filter>소스 파일</Filter>
    </ClCompile>
    <ClCompile Include="src\graphics_core\renderpass\SkyBoxRenderPass.cpp">
      <Filter>소스 파일</Filter>
    </ClCompile>
    <ClCompile Include="src\graphics_core\renderpass\DeferredRenderPass.cpp">
      <Filter>소스 파일</Filter>
    </ClCompile>
    <ClCompile Include="src\graphics_core\renderpass\GridRenderPass.cpp">
      <Filter>소스 파일</Filter>
    </ClCompile>
    <ClCompile Include="src\graphics_core\RenderQueue.cpp">
      <Filter>소스 파일</Filter>
    </ClCompile>
    <ClCompile Include="src\graphics_core\resource\ByteBuffer.cpp">
      <Filter>소스 파일</Filter>
    </ClCompile>
    <ClCompile Include="src\graphics_core\resource\MaterialPropertyBlock.cpp">
      <Filter>소스 파일</Filter>
    </ClCompile>
    <ClCompile Include="src\graphics_core\renderpass\DeferredLightPass.cpp">
      <Filter>소스 파일</Filter>
    </ClCompile>
  </ItemGroup>
  <ItemGroup>
    <None Include="cpp.hint" />
  </ItemGroup>
  <ItemGroup>
    <FxCompile Include="..\Assets\bin\shader\PS_Deferred.hlsl" />
    <FxCompile Include="..\Assets\bin\shader\VS_Mesh.hlsl" />
  </ItemGroup>
</Project>